{
  "nodes": {
    "gh-inbox": {
      "flake": false,
      "locked": {
        "lastModified": 1776332849,
        "narHash": "sha256-t4NKTyk2vb8NBEedYlFHpu693pzevVPhQk6lpHJs3Wg=",
        "owner": "mi2428",
        "repo": "gh-inbox",
        "rev": "8d99a2c49a1380663abe5a9f9b361198c437d082",
        "type": "github"
      },
      "original": {
        "owner": "mi2428",
        "repo": "gh-inbox",
        "type": "github"
      }
    },
    "home-manager": {
      "inputs": {
        "nixpkgs": [
          "nixpkgs"
        ]
      },
      "locked": {
        "lastModified": 1787797243,
        "narHash": "sha256-8+Q7NOB7RPajRjA4pbCDLzqH+MTjnG9x6LUPLfL2joA=",
        "owner": "nix-community",
        "repo": "home-manager",
        "rev": "99c9ec63390f1d8c14d95d9e8b17cc29cfbd4e11",
        "type": "github"
      },
      "original": {
        "owner": "nix-community",
        "ref": "master",
        "repo": "home-manager",
        "type": "github"
      }
    },
    "lingua-motion": {
      "inputs": {
        "nixpkgs": [
          "nixpkgs"
        ]
      },
      "locked": {
        "lastModified": 1786633183,
        "narHash": "sha256-QgIi1VcdLlGB4Vc2uLslrumEevFmPU3EBXRQmIz25YU=",
        "ref": "refs/tags/v1.0.0",
        "rev": "64a5b1b65f76a2075b6af4982dad4ca99dab87c5",
        "revCount": 24,
        "type": "git",
        "url": "ssh://git@github.com/mi2428/lingua-motion.nvim.git"
      },
      "original": {
        "ref": "refs/tags/v1.0.0",
        "type": "git",
        "url": "ssh://git@github.com/mi2428/lingua-motion.nvim.git"
      }
    },
    "luamigemo": {
      "flake": false,
      "locked": {
        "lastModified": 1784776397,
        "narHash": "sha256-R0PeG/Ba4zJbSZEMbCmrm1xOtcEipjkZU33YhqhoXUs=",
        "owner": "delphinus",
        "repo": "luamigemo",
        "rev": "137392e925254b49095121f67223386844882077",
        "type": "github"
      },
      "original": {
        "owner": "delphinus",
        "ref": "v1.4.1",
        "repo": "luamigemo",
        "type": "github"
      }
    },
    "migemo-dict": {
      "flake": false,
      "locked": {
        "lastModified": 1620367266,
        "narHash": "sha256-CNdtL9TlveieNzwbLrM7tA+bC8yUyNy90JTI2j8+imE=",
        "owner": "oguna",
        "repo": "migemo-compact-dict-latest",
        "rev": "043c04bf2c0be8a730c25c9ecfb08265dd0d340c",
        "type": "github"
      },
      "original": {
        "owner": "oguna",
        "repo": "migemo-compact-dict-latest",
        "type": "github"
      }
    },
    "nix-darwin": {
      "inputs": {
        "nixpkgs": [
          "nixpkgs"
        ]
      },
      "locked": {
        "lastModified": 1786845137,
        "narHash": "sha256-oQFip+v0luP8NIxJzmiW4Wu8bILsbFWom5l0zonl8hQ=",
        "owner": "nix-darwin",
        "repo": "nix-darwin",
        "rev": "4cff07de74b50e64bdd68cd4e722ab5b6b35ee48",
        "type": "github"
      },
      "original": {
        "owner": "nix-darwin",
        "ref": "master",
        "repo": "nix-darwin",
        "type": "github"
      }
    },
    "nixpkgs": {
      "locked": {
        "lastModified": 1787814960,
        "narHash": "sha256-PYZq1qzCJXC2zGI0mH07vrZBsw6DRBAOX0jN1pPtqOQ=",
        "owner": "NixOS",
        "repo": "nixpkgs",
        "rev": "c27cdad491a991b11ed731760aa2ef8db0cb0410",
        "type": "github"
      },
      "original": {
        "owner": "NixOS",
        "ref": "nixpkgs-unstable",
        "repo": "nixpkgs",
        "type": "github"
      }
    },
    "root": {
      "inputs": {
        "gh-inbox": "gh-inbox",
        "home-manager": "home-manager",
        "lingua-motion": "lingua-motion",
        "luamigemo": "luamigemo",
        "migemo-dict": "migemo-dict",
        "nix-darwin": "nix-darwin",
        "nixpkgs": "nixpkgs"
      }
    }
  },
  "root": "root",
  "version": 7
}
